{
  "lockfileVersion": 1,
  "configVersion": 1,
  "workspaces": {
    "": {
      "dependencies": {
        "@docsearch/js": "^3.9.0",
        "@hotwired/turbo": "^8.0.13",
        "@rails/ujs": "7.1.502",
        "highlight.js": "^11.11.1",
        "modern-normalize": "^3.0.1",
      },
      "devDependencies": {
        "@tailwindcss/node": "^4.0.0",
        "@tailwindcss/oxide": "^4.0.0",
        "tailwindcss": "^4.0.0",
      },
    },
  },
  "packages": {
    "@algolia/abtesting": ["@algolia/abtesting@1.16.2", "", { "dependencies": { "@algolia/client-common": "5.50.2", "@algolia/requester-browser-xhr": "5.50.2", "@algolia/requester-fetch": "5.50.2", "@algolia/requester-node-http": "5.50.2" } }, "sha512-n9s6bEV6imdtIEd+BGP7WkA4pEZ5YTdgQ05JQhHwWawHg3hyjpNwC0TShGz6zWhv+jfLDGA/6FFNbySFS0P9cw=="],

    "@algolia/autocomplete-core": ["@algolia/autocomplete-core@1.17.9", "", { "dependencies": { "@algolia/autocomplete-plugin-algolia-insights": "1.17.9", "@algolia/autocomplete-shared": "1.17.9" } }, "sha512-O7BxrpLDPJWWHv/DLA9DRFWs+iY1uOJZkqUwjS5HSZAGcl0hIVCQ97LTLewiZmZ402JYUrun+8NqFP+hCknlbQ=="],

    "@algolia/autocomplete-plugin-algolia-insights": ["@algolia/autocomplete-plugin-algolia-insights@1.17.9", "", { "dependencies": { "@algolia/autocomplete-shared": "1.17.9" }, "peerDependencies": { "search-insights": ">= 1 < 3" } }, "sha512-u1fEHkCbWF92DBeB/KHeMacsjsoI0wFhjZtlCq2ddZbAehshbZST6Hs0Avkc0s+4UyBGbMDnSuXHLuvRWK5iDQ=="],

    "@algolia/autocomplete-preset-algolia": ["@algolia/autocomplete-preset-algolia@1.17.9", "", { "dependencies": { "@algolia/autocomplete-shared": "1.17.9" }, "peerDependencies": { "@algolia/client-search": ">= 4.9.1 < 6", "algoliasearch": ">= 4.9.1 < 6" } }, "sha512-Na1OuceSJeg8j7ZWn5ssMu/Ax3amtOwk76u4h5J4eK2Nx2KB5qt0Z4cOapCsxot9VcEN11ADV5aUSlQF4RhGjQ=="],

    "@algolia/autocomplete-shared": ["@algolia/autocomplete-shared@1.17.9", "", { "peerDependencies": { "@algolia/client-search": ">= 4.9.1 < 6", "algoliasearch": ">= 4.9.1 < 6" } }, "sha512-iDf05JDQ7I0b7JEA/9IektxN/80a2MZ1ToohfmNS3rfeuQnIKI3IJlIafD0xu4StbtQTghx9T3Maa97ytkXenQ=="],

    "@algolia/client-abtesting": ["@algolia/client-abtesting@5.50.2", "", { "dependencies": { "@algolia/client-common": "5.50.2", "@algolia/requester-browser-xhr": "5.50.2", "@algolia/requester-fetch": "5.50.2", "@algolia/requester-node-http": "5.50.2" } }, "sha512-52iq0vHy1sphgnwoZyx5PmbEt8hsh+m7jD123LmBs6qy4GK7LbYZIeKd+nSnSipN2zvKRZ2zScS6h9PW3J7SXg=="],

    "@algolia/client-analytics": ["@algolia/client-analytics@5.50.2", "", { "dependencies": { "@algolia/client-common": "5.50.2", "@algolia/requester-browser-xhr": "5.50.2", "@algolia/requester-fetch": "5.50.2", "@algolia/requester-node-http": "5.50.2" } }, "sha512-WpPIUg+cSG2aPUG0gS8Ko9DwRgbRPUZxJkolhL2aCsmSlcEEZT65dILrfg5ovcxtx0Kvr+xtBVsTMtsQWRtPDQ=="],

    "@algolia/client-common": ["@algolia/client-common@5.50.2", "", {}, "sha512-Gj2MgtArGcsr82kIqRlo6/dCAFjrs2gLByEqyRENuT7ugrSMFuqg1vDzeBjRL1t3EJEJCFtT0PLX3gB8A6Hq4Q=="],

    "@algolia/client-insights": ["@algolia/client-insights@5.50.2", "", { "dependencies": { "@algolia/client-common": "5.50.2", "@algolia/requester-browser-xhr": "5.50.2", "@algolia/requester-fetch": "5.50.2", "@algolia/requester-node-http": "5.50.2" } }, "sha512-CUqoid5jDpmrc0oK3/xuZXFt6kwT0P9Lw7/nsM14YTr6puvmi+OUKmURpmebQF22S2vCG8L1DAoXXujxQUi/ug=="],

    "@algolia/client-personalization": ["@algolia/client-personalization@5.50.2", "", { "dependencies": { "@algolia/client-common": "5.50.2", "@algolia/requester-browser-xhr": "5.50.2", "@algolia/requester-fetch": "5.50.2", "@algolia/requester-node-http": "5.50.2" } }, "sha512-AndZWFoc0gbP5901OeQJ73BazgGgSGiBEba4ohdoJuZwHTO2Gio8Q4L1VLmytMBYcviVigB0iICToMvEJxI4ug=="],

    "@algolia/client-query-suggestions": ["@algolia/client-query-suggestions@5.50.2", "", { "dependencies": { "@algolia/client-common": "5.50.2", "@algolia/requester-browser-xhr": "5.50.2", "@algolia/requester-fetch": "5.50.2", "@algolia/requester-node-http": "5.50.2" } }, "sha512-NWoL+psEkz5dIzweaByVXuEB45wS8/rk0E0AhMMnaVJdVs7TcACPH2/OURm+N0xRDITkTHqCna823rd6Uqntdg=="],

    "@algolia/client-search": ["@algolia/client-search@5.50.2", "", { "dependencies": { "@algolia/client-common": "5.50.2", "@algolia/requester-browser-xhr": "5.50.2", "@algolia/requester-fetch": "5.50.2", "@algolia/requester-node-http": "5.50.2" } }, "sha512-ypSboUJ3XJoQz5DeDo82hCnrRuwq3q9ZdFhVKAik9TnZh1DvLqoQsrbBjXg7C7zQOtV/Qbge/HmyoV6V5L7MhQ=="],

    "@algolia/ingestion": ["@algolia/ingestion@1.50.2", "", { "dependencies": { "@algolia/client-common": "5.50.2", "@algolia/requester-browser-xhr": "5.50.2", "@algolia/requester-fetch": "5.50.2", "@algolia/requester-node-http": "5.50.2" } }, "sha512-VlR2FRXLw2bCB94SQo6zxg/Qi+547aOji6Pb+dKE7h1DMCCY317St+OpjpmgzE+bT2O9ALIc0V4nVIBOd7Gy+Q=="],

    "@algolia/monitoring": ["@algolia/monitoring@1.50.2", "", { "dependencies": { "@algolia/client-common": "5.50.2", "@algolia/requester-browser-xhr": "5.50.2", "@algolia/requester-fetch": "5.50.2", "@algolia/requester-node-http": "5.50.2" } }, "sha512-Cmvfp2+qopzQt8OilU97rhLhosq7ZrB6uieok3EwFUqG/aalPg6DgfCmu0yJMrYe+KMC1qRVt1MTRAUwLknUMQ=="],

    "@algolia/recommend": ["@algolia/recommend@5.50.2", "", { "dependencies": { "@algolia/client-common": "5.50.2", "@algolia/requester-browser-xhr": "5.50.2", "@algolia/requester-fetch": "5.50.2", "@algolia/requester-node-http": "5.50.2" } }, "sha512-jrkuyKoOM7dFWQ/6Y4hQAse2SC3L/RldG6GnPjMvAj65h+7Ubb51S0pKk4ofSStF0xm4LCNe0C4T6XX4nOFDiQ=="],

    "@algolia/requester-browser-xhr": ["@algolia/requester-browser-xhr@5.50.2", "", { "dependencies": { "@algolia/client-common": "5.50.2" } }, "sha512-4107YLJqCudPiBUlwnk6oTSUVwU7ab+qL1SfQGEDYI8DZH5gsf1ekPt9JykXRKYXf2IfouFL5GiCY/PHTFIjYw=="],

    "@algolia/requester-fetch": ["@algolia/requester-fetch@5.50.2", "", { "dependencies": { "@algolia/client-common": "5.50.2" } }, "sha512-vOrd3MQpLgmf6wXAueTuZ/cA0W4uRwIHHaxNy3h+a6YcNn6bCV/gFdZuv3F13v593zRU2k5R75NmvRWLenvMrw=="],

    "@algolia/requester-node-http": ["@algolia/requester-node-http@5.50.2", "", { "dependencies": { "@algolia/client-common": "5.50.2" } }, "sha512-Mu9BFtgzGqDUy5Bcs2nMyoILIFSN13GKQaklKAFIsd0K3/9CpNyfeBc+/+Qs6mFZLlxG9qzullO7h+bjcTBuGQ=="],

    "@docsearch/css": ["@docsearch/css@3.9.0", "", {}, "sha512-cQbnVbq0rrBwNAKegIac/t6a8nWoUAn8frnkLFW6YARaRmAQr5/Eoe6Ln2fqkUCZ40KpdrKbpSAmgrkviOxuWA=="],

    "@docsearch/js": ["@docsearch/js@3.9.0", "", { "dependencies": { "@docsearch/react": "3.9.0", "preact": "^10.0.0" } }, "sha512-4bKHcye6EkLgRE8ze0vcdshmEqxeiJM77M0JXjef7lrYZfSlMunrDOCqyLjiZyo1+c0BhUqA2QpFartIjuHIjw=="],

    "@docsearch/react": ["@docsearch/react@3.9.0", "", { "dependencies": { "@algolia/autocomplete-core": "1.17.9", "@algolia/autocomplete-preset-algolia": "1.17.9", "@docsearch/css": "3.9.0", "algoliasearch": "^5.14.2" }, "peerDependencies": { "@types/react": ">= 16.8.0 < 20.0.0", "react": ">= 16.8.0 < 20.0.0", "react-dom": ">= 16.8.0 < 20.0.0", "search-insights": ">= 1 < 3" }, "optionalPeers": ["@types/react", "react", "react-dom", "search-insights"] }, "sha512-mb5FOZYZIkRQ6s/NWnM98k879vu5pscWqTLubLFBO87igYYT4VzVazh4h5o/zCvTIZgEt3PvsCOMOswOUo9yHQ=="],

    "@hotwired/turbo": ["@hotwired/turbo@8.0.23", "", {}, "sha512-GZ7cijxEZ6Ig71u7rD6LHaRv/wcE/hNsc+nEfiWOkLNqUgLOwo5MNGWOy5ZV9ZUDSiQx1no7YxjTNnT4O6//cQ=="],

    "@jridgewell/gen-mapping": ["@jridgewell/gen-mapping@0.3.13", "", { "dependencies": { "@jridgewell/sourcemap-codec": "^1.5.0", "@jridgewell/trace-mapping": "^0.3.24" } }, "sha512-2kkt/7niJ6MgEPxF0bYdQ6etZaA+fQvDcLKckhy1yIQOzaoKjBBjSj63/aLVjYE3qhRt5dvM+uUyfCg6UKCBbA=="],

    "@jridgewell/remapping": ["@jridgewell/remapping@2.3.5", "", { "dependencies": { "@jridgewell/gen-mapping": "^0.3.5", "@jridgewell/trace-mapping": "^0.3.24" } }, "sha512-LI9u/+laYG4Ds1TDKSJW2YPrIlcVYOwi2fUC6xB43lueCjgxV4lffOCZCtYFiH6TNOX+tQKXx97T4IKHbhyHEQ=="],

    "@jridgewell/resolve-uri": ["@jridgewell/resolve-uri@3.1.2", "", {}, "sha512-bRISgCIjP20/tbWSPWMEi54QVPRZExkuD9lJL+UIxUKtwVJA8wW1Trb1jMs1RFXo1CBTNZ/5hpC9QvmKWdopKw=="],

    "@jridgewell/sourcemap-codec": ["@jridgewell/sourcemap-codec@1.5.5", "", {}, "sha512-cYQ9310grqxueWbl+WuIUIaiUaDcj7WOq5fVhEljNVgRfOUhY9fy2zTvfoqWsnebh8Sl70VScFbICvJnLKB0Og=="],

    "@jridgewell/trace-mapping": ["@jridgewell/trace-mapping@0.3.31", "", { "dependencies": { "@jridgewell/resolve-uri": "^3.1.0", "@jridgewell/sourcemap-codec": "^1.4.14" } }, "sha512-zzNR+SdQSDJzc8joaeP8QQoCQr8NuYx2dIIytl1QeBEZHJ9uW6hebsrYgbz8hJwUQao3TWCMtmfV8Nu1twOLAw=="],

    "@rails/ujs": ["@rails/ujs@7.1.502", "", {}, "sha512-SFtA5X59BimNG8cy60pgZhPf1bGpg5KXVYF6Jj5H5hrwwNXKNmD2yNZhHC+WfuLqBN+972cZHR9Fto6nJQz+Xw=="],

    "@tailwindcss/node": ["@tailwindcss/node@4.2.2", "", { "dependencies": { "@jridgewell/remapping": "^2.3.5", "enhanced-resolve": "^5.19.0", "jiti": "^2.6.1", "lightningcss": "1.32.0", "magic-string": "^0.30.21", "source-map-js": "^1.2.1", "tailwindcss": "4.2.2" } }, "sha512-pXS+wJ2gZpVXqFaUEjojq7jzMpTGf8rU6ipJz5ovJV6PUGmlJ+jvIwGrzdHdQ80Sg+wmQxUFuoW1UAAwHNEdFA=="],

    "@tailwindcss/oxide": ["@tailwindcss/oxide@4.2.2", "", { "optionalDependencies": { "@tailwindcss/oxide-android-arm64": "4.2.2", "@tailwindcss/oxide-darwin-arm64": "4.2.2", "@tailwindcss/oxide-darwin-x64": "4.2.2", "@tailwindcss/oxide-freebsd-x64": "4.2.2", "@tailwindcss/oxide-linux-arm-gnueabihf": "4.2.2", "@tailwindcss/oxide-linux-arm64-gnu": "4.2.2", "@tailwindcss/oxide-linux-arm64-musl": "4.2.2", "@tailwindcss/oxide-linux-x64-gnu": "4.2.2", "@tailwindcss/oxide-linux-x64-musl": "4.2.2", "@tailwindcss/oxide-wasm32-wasi": "4.2.2", "@tailwindcss/oxide-win32-arm64-msvc": "4.2.2", "@tailwindcss/oxide-win32-x64-msvc": "4.2.2" } }, "sha512-qEUA07+E5kehxYp9BVMpq9E8vnJuBHfJEC0vPC5e7iL/hw7HR61aDKoVoKzrG+QKp56vhNZe4qwkRmMC0zDLvg=="],

    "@tailwindcss/oxide-android-arm64": ["@tailwindcss/oxide-android-arm64@4.2.2", "", { "os": "android", "cpu": "arm64" }, "sha512-dXGR1n+P3B6748jZO/SvHZq7qBOqqzQ+yFrXpoOWWALWndF9MoSKAT3Q0fYgAzYzGhxNYOoysRvYlpixRBBoDg=="],

    "@tailwindcss/oxide-darwin-arm64": ["@tailwindcss/oxide-darwin-arm64@4.2.2", "", { "os": "darwin", "cpu": "arm64" }, "sha512-iq9Qjr6knfMpZHj55/37ouZeykwbDqF21gPFtfnhCCKGDcPI/21FKC9XdMO/XyBM7qKORx6UIhGgg6jLl7BZlg=="],

    "@tailwindcss/oxide-darwin-x64": ["@tailwindcss/oxide-darwin-x64@4.2.2", "", { "os": "darwin", "cpu": "x64" }, "sha512-BlR+2c3nzc8f2G639LpL89YY4bdcIdUmiOOkv2GQv4/4M0vJlpXEa0JXNHhCHU7VWOKWT/CjqHdTP8aUuDJkuw=="],

    "@tailwindcss/oxide-freebsd-x64": ["@tailwindcss/oxide-freebsd-x64@4.2.2", "", { "os": "freebsd", "cpu": "x64" }, "sha512-YUqUgrGMSu2CDO82hzlQ5qSb5xmx3RUrke/QgnoEx7KvmRJHQuZHZmZTLSuuHwFf0DJPybFMXMYf+WJdxHy/nQ=="],

    "@tailwindcss/oxide-linux-arm-gnueabihf": ["@tailwindcss/oxide-linux-arm-gnueabihf@4.2.2", "", { "os": "linux", "cpu": "arm" }, "sha512-FPdhvsW6g06T9BWT0qTwiVZYE2WIFo2dY5aCSpjG/S/u1tby+wXoslXS0kl3/KXnULlLr1E3NPRRw0g7t2kgaQ=="],

    "@tailwindcss/oxide-linux-arm64-gnu": ["@tailwindcss/oxide-linux-arm64-gnu@4.2.2", "", { "os": "linux", "cpu": "arm64" }, "sha512-4og1V+ftEPXGttOO7eCmW7VICmzzJWgMx+QXAJRAhjrSjumCwWqMfkDrNu1LXEQzNAwz28NCUpucgQPrR4S2yw=="],

    "@tailwindcss/oxide-linux-arm64-musl": ["@tailwindcss/oxide-linux-arm64-musl@4.2.2", "", { "os": "linux", "cpu": "arm64" }, "sha512-oCfG/mS+/+XRlwNjnsNLVwnMWYH7tn/kYPsNPh+JSOMlnt93mYNCKHYzylRhI51X+TbR+ufNhhKKzm6QkqX8ag=="],

    "@tailwindcss/oxide-linux-x64-gnu": ["@tailwindcss/oxide-linux-x64-gnu@4.2.2", "", { "os": "linux", "cpu": "x64" }, "sha512-rTAGAkDgqbXHNp/xW0iugLVmX62wOp2PoE39BTCGKjv3Iocf6AFbRP/wZT/kuCxC9QBh9Pu8XPkv/zCZB2mcMg=="],

    "@tailwindcss/oxide-linux-x64-musl": ["@tailwindcss/oxide-linux-x64-musl@4.2.2", "", { "os": "linux", "cpu": "x64" }, "sha512-XW3t3qwbIwiSyRCggeO2zxe3KWaEbM0/kW9e8+0XpBgyKU4ATYzcVSMKteZJ1iukJ3HgHBjbg9P5YPRCVUxlnQ=="],

    "@tailwindcss/oxide-wasm32-wasi": ["@tailwindcss/oxide-wasm32-wasi@4.2.2", "", { "dependencies": { "@emnapi/core": "^1.8.1", "@emnapi/runtime": "^1.8.1", "@emnapi/wasi-threads": "^1.1.0", "@napi-rs/wasm-runtime": "^1.1.1", "@tybys/wasm-util": "^0.10.1", "tslib": "^2.8.1" }, "cpu": "none" }, "sha512-eKSztKsmEsn1O5lJ4ZAfyn41NfG7vzCg496YiGtMDV86jz1q/irhms5O0VrY6ZwTUkFy/EKG3RfWgxSI3VbZ8Q=="],

    "@tailwindcss/oxide-win32-arm64-msvc": ["@tailwindcss/oxide-win32-arm64-msvc@4.2.2", "", { "os": "win32", "cpu": "arm64" }, "sha512-qPmaQM4iKu5mxpsrWZMOZRgZv1tOZpUm+zdhhQP0VhJfyGGO3aUKdbh3gDZc/dPLQwW4eSqWGrrcWNBZWUWaXQ=="],

    "@tailwindcss/oxide-win32-x64-msvc": ["@tailwindcss/oxide-win32-x64-msvc@4.2.2", "", { "os": "win32", "cpu": "x64" }, "sha512-1T/37VvI7WyH66b+vqHj/cLwnCxt7Qt3WFu5Q8hk65aOvlwAhs7rAp1VkulBJw/N4tMirXjVnylTR72uI0HGcA=="],

    "algoliasearch": ["algoliasearch@5.50.2", "", { "dependencies": { "@algolia/abtesting": "1.16.2", "@algolia/client-abtesting": "5.50.2", "@algolia/client-analytics": "5.50.2", "@algolia/client-common": "5.50.2", "@algolia/client-insights": "5.50.2", "@algolia/client-personalization": "5.50.2", "@algolia/client-query-suggestions": "5.50.2", "@algolia/client-search": "5.50.2", "@algolia/ingestion": "1.50.2", "@algolia/monitoring": "1.50.2", "@algolia/recommend": "5.50.2", "@algolia/requester-browser-xhr": "5.50.2", "@algolia/requester-fetch": "5.50.2", "@algolia/requester-node-http": "5.50.2" } }, "sha512-Tfp26yoNWurUjfgK4GOrVJQhSNXu9tJtHfFFNosgT2YClG+vPyUjX/gbC8rG39qLncnZg8Fj34iarQWpMkqefw=="],

    "detect-libc": ["detect-libc@2.1.2", "", {}, "sha512-Btj2BOOO83o3WyH59e8MgXsxEQVcarkUOpEYrubB0urwnN10yQ364rsiByU11nZlqWYZm05i/of7io4mzihBtQ=="],

    "enhanced-resolve": ["enhanced-resolve@5.20.1", "", { "dependencies": { "graceful-fs": "^4.2.4", "tapable": "^2.3.0" } }, "sha512-Qohcme7V1inbAfvjItgw0EaxVX5q2rdVEZHRBrEQdRZTssLDGsL8Lwrznl8oQ/6kuTJONLaDcGjkNP247XEhcA=="],

    "graceful-fs": ["graceful-fs@4.2.11", "", {}, "sha512-RbJ5/jmFcNNCcDV5o9eTnBLJ/HszWV0P73bc+Ff4nS/rJj+YaS6IGyiOL0VoBYX+l1Wrl3k63h/KrH+nhJ0XvQ=="],

    "highlight.js": ["highlight.js@11.11.1", "", {}, "sha512-Xwwo44whKBVCYoliBQwaPvtd/2tYFkRQtXDWj1nackaV2JPXx3L0+Jvd8/qCJ2p+ML0/XVkJ2q+Mr+UVdpJK5w=="],

    "jiti": ["jiti@2.6.1", "", { "bin": { "jiti": "lib/jiti-cli.mjs" } }, "sha512-ekilCSN1jwRvIbgeg/57YFh8qQDNbwDb9xT/qu2DAHbFFZUicIl4ygVaAvzveMhMVr3LnpSKTNnwt8PoOfmKhQ=="],

    "lightningcss": ["lightningcss@1.32.0", "", { "dependencies": { "detect-libc": "^2.0.3" }, "optionalDependencies": { "lightningcss-android-arm64": "1.32.0", "lightningcss-darwin-arm64": "1.32.0", "lightningcss-darwin-x64": "1.32.0", "lightningcss-freebsd-x64": "1.32.0", "lightningcss-linux-arm-gnueabihf": "1.32.0", "lightningcss-linux-arm64-gnu": "1.32.0", "lightningcss-linux-arm64-musl": "1.32.0", "lightningcss-linux-x64-gnu": "1.32.0", "lightningcss-linux-x64-musl": "1.32.0", "lightningcss-win32-arm64-msvc": "1.32.0", "lightningcss-win32-x64-msvc": "1.32.0" } }, "sha512-NXYBzinNrblfraPGyrbPoD19C1h9lfI/1mzgWYvXUTe414Gz/X1FD2XBZSZM7rRTrMA8JL3OtAaGifrIKhQ5yQ=="],

    "lightningcss-android-arm64": ["lightningcss-android-arm64@1.32.0", "", { "os": "android", "cpu": "arm64" }, "sha512-YK7/ClTt4kAK0vo6w3X+Pnm0D2cf2vPHbhOXdoNti1Ga0al1P4TBZhwjATvjNwLEBCnKvjJc2jQgHXH0NEwlAg=="],

    "lightningcss-darwin-arm64": ["lightningcss-darwin-arm64@1.32.0", "", { "os": "darwin", "cpu": "arm64" }, "sha512-RzeG9Ju5bag2Bv1/lwlVJvBE3q6TtXskdZLLCyfg5pt+HLz9BqlICO7LZM7VHNTTn/5PRhHFBSjk5lc4cmscPQ=="],

    "lightningcss-darwin-x64": ["lightningcss-darwin-x64@1.32.0", "", { "os": "darwin", "cpu": "x64" }, "sha512-U+QsBp2m/s2wqpUYT/6wnlagdZbtZdndSmut/NJqlCcMLTWp5muCrID+K5UJ6jqD2BFshejCYXniPDbNh73V8w=="],

    "lightningcss-freebsd-x64": ["lightningcss-freebsd-x64@1.32.0", "", { "os": "freebsd", "cpu": "x64" }, "sha512-JCTigedEksZk3tHTTthnMdVfGf61Fky8Ji2E4YjUTEQX14xiy/lTzXnu1vwiZe3bYe0q+SpsSH/CTeDXK6WHig=="],

    "lightningcss-linux-arm-gnueabihf": ["lightningcss-linux-arm-gnueabihf@1.32.0", "", { "os": "linux", "cpu": "arm" }, "sha512-x6rnnpRa2GL0zQOkt6rts3YDPzduLpWvwAF6EMhXFVZXD4tPrBkEFqzGowzCsIWsPjqSK+tyNEODUBXeeVHSkw=="],

    "lightningcss-linux-arm64-gnu": ["lightningcss-linux-arm64-gnu@1.32.0", "", { "os": "linux", "cpu": "arm64" }, "sha512-0nnMyoyOLRJXfbMOilaSRcLH3Jw5z9HDNGfT/gwCPgaDjnx0i8w7vBzFLFR1f6CMLKF8gVbebmkUN3fa/kQJpQ=="],

    "lightningcss-linux-arm64-musl": ["lightningcss-linux-arm64-musl@1.32.0", "", { "os": "linux", "cpu": "arm64" }, "sha512-UpQkoenr4UJEzgVIYpI80lDFvRmPVg6oqboNHfoH4CQIfNA+HOrZ7Mo7KZP02dC6LjghPQJeBsvXhJod/wnIBg=="],

    "lightningcss-linux-x64-gnu": ["lightningcss-linux-x64-gnu@1.32.0", "", { "os": "linux", "cpu": "x64" }, "sha512-V7Qr52IhZmdKPVr+Vtw8o+WLsQJYCTd8loIfpDaMRWGUZfBOYEJeyJIkqGIDMZPwPx24pUMfwSxxI8phr/MbOA=="],

    "lightningcss-linux-x64-musl": ["lightningcss-linux-x64-musl@1.32.0", "", { "os": "linux", "cpu": "x64" }, "sha512-bYcLp+Vb0awsiXg/80uCRezCYHNg1/l3mt0gzHnWV9XP1W5sKa5/TCdGWaR/zBM2PeF/HbsQv/j2URNOiVuxWg=="],

    "lightningcss-win32-arm64-msvc": ["lightningcss-win32-arm64-msvc@1.32.0", "", { "os": "win32", "cpu": "arm64" }, "sha512-8SbC8BR40pS6baCM8sbtYDSwEVQd4JlFTOlaD3gWGHfThTcABnNDBda6eTZeqbofalIJhFx0qKzgHJmcPTnGdw=="],

    "lightningcss-win32-x64-msvc": ["lightningcss-win32-x64-msvc@1.32.0", "", { "os": "win32", "cpu": "x64" }, "sha512-Amq9B/SoZYdDi1kFrojnoqPLxYhQ4Wo5XiL8EVJrVsB8ARoC1PWW6VGtT0WKCemjy8aC+louJnjS7U18x3b06Q=="],

    "magic-string": ["magic-string@0.30.21", "", { "dependencies": { "@jridgewell/sourcemap-codec": "^1.5.5" } }, "sha512-vd2F4YUyEXKGcLHoq+TEyCjxueSeHnFxyyjNp80yg0XV4vUhnDer/lvvlqM/arB5bXQN5K2/3oinyCRyx8T2CQ=="],

    "modern-normalize": ["modern-normalize@3.0.1", "", {}, "sha512-VqlMdYi59Uch6fnUPxnpijWUQe+TW6zeWCvyr6Mb7JibheHzSuAAoJi2c71ZwIaWKpECpGpYHoaaBp6rBRr+/g=="],

    "preact": ["preact@10.29.1", "", {}, "sha512-gQCLc/vWroE8lIpleXtdJhTFDogTdZG9AjMUpVkDf2iTCNwYNWA+u16dL41TqUDJO4gm2IgrcMv3uTpjd4Pwmg=="],

    "search-insights": ["search-insights@2.17.3", "", {}, "sha512-RQPdCYTa8A68uM2jwxoY842xDhvx3E5LFL1LxvxCNMev4o5mLuokczhzjAgGwUZBAmOKZknArSxLKmXtIi2AxQ=="],

    "source-map-js": ["source-map-js@1.2.1", "", {}, "sha512-UXWMKhLOwVKb728IUtQPXxfYU+usdybtUrK/8uGE8CQMvrhOpwvzDBwj0QhSL7MQc7vIsISBG8VQ8+IDQxpfQA=="],

    "tailwindcss": ["tailwindcss@4.2.2", "", {}, "sha512-KWBIxs1Xb6NoLdMVqhbhgwZf2PGBpPEiwOqgI4pFIYbNTfBXiKYyWoTsXgBQ9WFg/OlhnvHaY+AEpW7wSmFo2Q=="],

    "tapable": ["tapable@2.3.2", "", {}, "sha512-1MOpMXuhGzGL5TTCZFItxCc0AARf1EZFQkGqMm7ERKj8+Hgr5oLvJOVFcC+lRmR8hCe2S3jC4T5D7Vg/d7/fhA=="],

    "@tailwindcss/oxide-wasm32-wasi/@emnapi/core": ["@emnapi/core@1.10.0", "", { "dependencies": { "@emnapi/wasi-threads": "1.2.1", "tslib": "^2.4.0" }, "bundled": true }, "sha512-yq6OkJ4p82CAfPl0u9mQebQHKPJkY7WrIuk205cTYnYe+k2Z8YBh11FrbRG/H6ihirqcacOgl2BIO8oyMQLeXw=="],

    "@tailwindcss/oxide-wasm32-wasi/@emnapi/runtime": ["@emnapi/runtime@1.10.0", "", { "dependencies": { "tslib": "^2.4.0" }, "bundled": true }, "sha512-ewvYlk86xUoGI0zQRNq/mC+16R1QeDlKQy21Ki3oSYXNgLb45GV1P6A0M+/s6nyCuNDqe5VpaY84BzXGwVbwFA=="],

    "@tailwindcss/oxide-wasm32-wasi/@emnapi/wasi-threads": ["@emnapi/wasi-threads@1.2.1", "", { "dependencies": { "tslib": "^2.4.0" }, "bundled": true }, "sha512-uTII7OYF+/Mes/MrcIOYp5yOtSMLBWSIoLPpcgwipoiKbli6k322tcoFsxoIIxPDqW01SQGAgko4EzZi2BNv2w=="],

    "@tailwindcss/oxide-wasm32-wasi/@napi-rs/wasm-runtime": ["@napi-rs/wasm-runtime@1.1.4", "", { "dependencies": { "@tybys/wasm-util": "^0.10.1" }, "peerDependencies": { "@emnapi/core": "^1.7.1", "@emnapi/runtime": "^1.7.1" }, "bundled": true }, "sha512-3NQNNgA1YSlJb/kMH1ildASP9HW7/7kYnRI2szWJaofaS1hWmbGI4H+d3+22aGzXXN9IJ+n+GiFVcGipJP18ow=="],

    "@tailwindcss/oxide-wasm32-wasi/@tybys/wasm-util": ["@tybys/wasm-util@0.10.1", "", { "dependencies": { "tslib": "^2.4.0" }, "bundled": true }, "sha512-9tTaPJLSiejZKx+Bmog4uSubteqTvFrVrURwkmHixBo0G4seD0zUxp98E1DzUBJxLQ3NPwXrGKDiVjwx/DpPsg=="],

    "@tailwindcss/oxide-wasm32-wasi/tslib": ["tslib@2.8.1", "", { "bundled": true }, "sha512-oJFu94HQb+KVduSUQL7wnpmqnfmLsOA/nAh6b6EH0wCEoK0/mPeXU6c3wKDV83MkOuHPRHtSXKKU99IBazS/2w=="],
  }
}
