version: 1.0
shards:
  authentic:
    github: luckyframework/authentic
    commit: 96240a9cfc7bff00812b5f9b6931b0a10a5f1be9

  avram:
    github: luckyframework/avram
    version: 0.12.0

  blank:
    github: kostya/blank
    version: 0.1.0

  carbon:
    github: luckyframework/carbon
    version: 0.1.1

  cry:
    github: paulcsmith/cry
    version: 0.4.1

  db:
    github: crystal-lang/crystal-db
    version: 0.7.0

  dexter:
    github: luckyframework/dexter
    version: 0.1.2

  dotenv:
    github: gdotdesign/cr-dotenv
    version: 0.3.1

  exception_page:
    github: crystal-loot/exception_page
    version: 0.1.2

  habitat:
    github: luckyframework/habitat
    version: 0.4.3

  lucky:
    github: luckyframework/lucky
    commit: c8bf6368bbab32d2069beb6b27eaee3e6666f966

  lucky_cli:
    github: luckyframework/lucky_cli
    version: 0.18.0

  lucky_flow:
    github: luckyframework/lucky_flow
    commit: fff9d6e770b60bb18f0a8da85325c73b096a81d3

  lucky_router:
    github: luckyframework/lucky_router
    version: 0.2.2

  markd:
    github: icyleaf/markd
    commit: 20962e6cfb4513eb94e6549fd8b735b15d10c6d1

  pg:
    github: will/crystal-pg
    version: 0.19.0

  selenium:
    github: ysbaddaden/selenium-webdriver-crystal
    commit: bda2fd406c1a118251c5a2883f1e1f3af242116e

  shell-table:
    github: luckyframework/shell-table.cr
    commit: 078a04ea58ead5203bb435a3b5fff448ddabaeea

  wordsmith:
    github: luckyframework/wordsmith
    version: 0.2.0

