version: 1.0
shards:
  authentic:
    github: luckyframework/authentic
    commit: eedb7b605e65eded42ad09a7f994c187e29d3b21

  avram:
    github: luckyframework/avram
    commit: fea19d35999534b69104798e07aa263c9b9bf98c

  blank:
    github: kostya/blank
    version: 0.1.0

  callback:
    github: mosop/callback
    version: 0.6.3

  carbon:
    github: luckyframework/carbon
    version: 0.1.0

  cli:
    github: mosop/cli
    version: 0.7.0

  cry:
    github: paulcsmith/cry
    version: 0.4.1

  db:
    github: crystal-lang/crystal-db
    version: 0.5.1

  dexter:
    github: luckyframework/dexter
    version: 0.1.1

  dotenv:
    github: gdotdesign/cr-dotenv
    version: 0.2.0

  exception_page:
    github: crystal-loot/exception_page
    version: 0.1.2

  habitat:
    github: luckyframework/habitat
    version: 0.4.3

  lucky:
    github: luckyframework/lucky
    commit: 165a71f768709935b2a99bc1c9e1bc497617bd11

  lucky_cli:
    github: luckyframework/lucky_cli
    version: 0.15.0

  lucky_flow:
    github: luckyframework/lucky_flow
    commit: a8b3158e0dfe0316f513bf09a36e8b967d18756f

  lucky_router:
    github: luckyframework/lucky_router
    version: 0.2.2

  markd:
    github: icyleaf/markd
    version: 0.1.1

  optarg:
    github: mosop/optarg
    version: 0.5.8

  pg:
    github: will/crystal-pg
    version: 0.16.1

  selenium:
    github: ysbaddaden/selenium-webdriver-crystal
    commit: a6d0e63ab7ddc6a20923bf4157bc6247c1fa2acc

  shell-table:
    github: luckyframework/shell-table.cr
    commit: 078a04ea58ead5203bb435a3b5fff448ddabaeea

  string_inflection:
    github: mosop/string_inflection
    version: 0.2.1

  teeplate:
    github: mosop/teeplate
    version: 0.7.0

  wordsmith:
    github: luckyframework/wordsmith
    version: 0.2.0
